{
  "name": "@tanstack/query-example-react-nextjs",
  "lockfileVersion": 2,
  "requires": true,
  "packages": {
    "": {
      "name": "@tanstack/query-example-react-nextjs",
      "license": "MIT",
      "dependencies": {
        "@tanstack/react-query": "^4.7.1",
        "@tanstack/react-query-devtools": "^4.7.1",
        "ky": "^0.23.0",
        "ky-universal": "^0.8.2",
        "next": "12.2.2",
        "react": "^18.2.0",
        "react-dom": "^18.2.0",
        "resolve-from": "^5.0.0",
        "web-streams-polyfill": "^3.0.3"
      }
    },
    "node_modules/@next/env": {
      "version": "12.2.2",
      "resolved": "https://registry.npmjs.org/@next/env/-/env-12.2.2.tgz",
      "integrity": "sha512-BqDwE4gDl1F608TpnNxZqrCn6g48MBjvmWFEmeX5wEXDXh3IkAOw6ASKUgjT8H4OUePYFqghDFUss5ZhnbOUjw==",
      "license": "MIT"
    },
    "node_modules/@next/swc-linux-x64-gnu": {
      "version": "12.2.2",
      "resolved": "https://registry.npmjs.org/@next/swc-linux-x64-gnu/-/swc-linux-x64-gnu-12.2.2.tgz",
      "integrity": "sha512-ir1vNadlUDj7eQk15AvfhG5BjVizuCHks9uZwBfUgT5jyeDCeRvaDCo1+Q6+0CLOAnYDR/nqSCvBgzG2UdFh9A==",
      "cpu": [
        "x64"
      ],
      "license": "MIT",
      "optional": true,
      "os": [
        "linux"
      ],
      "engines": {
        "node": ">= 10"
      }
    },
    "node_modules/@next/swc-linux-x64-musl": {
      "version": "12.2.2",
      "resolved": "https://registry.npmjs.org/@next/swc-linux-x64-musl/-/swc-linux-x64-musl-12.2.2.tgz",
      "integrity": "sha512-bte5n2GzLN3O8JdSFYWZzMgEgDHZmRz5wiispiiDssj4ik3l8E7wq/czNi8RmIF+ioj2sYVokUNa/ekLzrESWw==",
      "cpu": [
        "x64"
      ],
      "license": "MIT",
      "optional": true,
      "os": [
        "linux"
      ],
      "engines": {
        "node": ">= 10"
      }
    },
    "node_modules/@swc/helpers": {
      "version": "0.4.2",
      "resolved": "https://registry.npmjs.org/@swc/helpers/-/helpers-0.4.2.tgz",
      "integrity": "sha512-556Az0VX7WR6UdoTn4htt/l3zPQ7bsQWK+HqdG4swV7beUCxo/BqmvbOpUkTIm/9ih86LIf1qsUnywNL3obGHw==",
      "license": "MIT",
      "dependencies": {
        "tslib": "^2.4.0"
      }
    },
    "node_modules/@tanstack/match-sorter-utils": {
      "version": "8.7.6",
      "resolved": "https://registry.npmjs.org/@tanstack/match-sorter-utils/-/match-sorter-utils-8.7.6.tgz",
      "integrity": "sha512-2AMpRiA6QivHOUiBpQAVxjiHAA68Ei23ZUMNaRJrN6omWiSFLoYrxGcT6BXtuzp0Jw4h6HZCmGGIM/gbwebO2A==",
      "license": "MIT",
      "dependencies": {
        "remove-accents": "0.4.2"
      },
      "engines": {
        "node": ">=12"
      },
      "funding": {
        "type": "github",
        "url": "https://github.com/sponsors/kentcdodds"
      }
    },
    "node_modules/@tanstack/query-core": {
      "version": "4.27.0",
      "resolved": "https://registry.npmjs.org/@tanstack/query-core/-/query-core-4.27.0.tgz",
      "integrity": "sha512-sm+QncWaPmM73IPwFlmWSKPqjdTXZeFf/7aEmWh00z7yl2FjqophPt0dE1EHW9P1giMC5rMviv7OUbSDmWzXXA==",
      "license": "MIT",
      "funding": {
        "type": "github",
        "url": "https://github.com/sponsors/tannerlinsley"
      }
    },
    "node_modules/@tanstack/react-query": {
      "version": "4.28.0",
      "resolved": "https://registry.npmjs.org/@tanstack/react-query/-/react-query-4.28.0.tgz",
      "integrity": "sha512-8cGBV5300RHlvYdS4ea+G1JcZIt5CIuprXYFnsWggkmGoC0b5JaqG0fIX3qwDL9PTNkKvG76NGThIWbpXivMrQ==",
      "license": "MIT",
      "dependencies": {
        "@tanstack/query-core": "4.27.0",
        "use-sync-external-store": "^1.2.0"
      },
      "funding": {
        "type": "github",
        "url": "https://github.com/sponsors/tannerlinsley"
      },
      "peerDependencies": {
        "react": "^16.8.0 || ^17.0.0 || ^18.0.0",
        "react-dom": "^16.8.0 || ^17.0.0 || ^18.0.0",
        "react-native": "*"
      },
      "peerDependenciesMeta": {
        "react-dom": {
          "optional": true
        },
        "react-native": {
          "optional": true
        }
      }
    },
    "node_modules/@tanstack/react-query-devtools": {
      "version": "4.28.0",
      "resolved": "https://registry.npmjs.org/@tanstack/react-query-devtools/-/react-query-devtools-4.28.0.tgz",
      "integrity": "sha512-1SnoMw1CWn8FdPEIHvlAzmMBX3heXJo11fyBtt+FzYAHj5yFC8P67Kpgi0HpLkY7SLnd6QK/7qFkpeH4AQbgZg==",
      "license": "MIT",
      "dependencies": {
        "@tanstack/match-sorter-utils": "^8.7.0",
        "superjson": "^1.10.0",
        "use-sync-external-store": "^1.2.0"
      },
      "funding": {
        "type": "github",
        "url": "https://github.com/sponsors/tannerlinsley"
      },
      "peerDependencies": {
        "@tanstack/react-query": "4.28.0",
        "react": "^16.8.0 || ^17.0.0 || ^18.0.0",
        "react-dom": "^16.8.0 || ^17.0.0 || ^18.0.0"
      }
    },
    "node_modules/abort-controller": {
      "version": "3.0.0",
      "resolved": "https://registry.npmjs.org/abort-controller/-/abort-controller-3.0.0.tgz",
      "integrity": "sha512-h8lQ8tacZYnR3vNQTgibj+tODHI5/+l06Au2Pcriv/Gmet0eaj4TwWH41sO9wnHDiQsEj19q0drzdWdeAHtweg==",
      "license": "MIT",
      "dependencies": {
        "event-target-shim": "^5.0.0"
      },
      "engines": {
        "node": ">=6.5"
      }
    },
    "node_modules/caniuse-lite": {
      "version": "1.0.30001469",
      "resolved": "https://registry.npmjs.org/caniuse-lite/-/caniuse-lite-1.0.30001469.tgz",
      "integrity": "sha512-Rcp7221ScNqQPP3W+lVOYDyjdR6dC+neEQCttoNr5bAyz54AboB4iwpnWgyi8P4YUsPybVzT4LgWiBbI3drL4g==",
      "funding": [
        {
          "type": "opencollective",
          "url": "https://opencollective.com/browserslist"
        },
        {
          "type": "tidelift",
          "url": "https://tidelift.com/funding/github/npm/caniuse-lite"
        }
      ],
      "license": "CC-BY-4.0"
    },
    "node_modules/copy-anything": {
      "version": "3.0.3",
      "resolved": "https://registry.npmjs.org/copy-anything/-/copy-anything-3.0.3.tgz",
      "integrity": "sha512-fpW2W/BqEzqPp29QS+MwwfisHCQZtiduTe/m8idFo0xbti9fIZ2WVhAsCv4ggFVH3AgCkVdpoOCtQC6gBrdhjw==",
      "license": "MIT",
      "dependencies": {
        "is-what": "^4.1.8"
      },
      "engines": {
        "node": ">=12.13"
      },
      "funding": {
        "url": "https://github.com/sponsors/mesqueeb"
      }
    },
    "node_modules/data-uri-to-buffer": {
      "version": "3.0.1",
      "resolved": "https://registry.npmjs.org/data-uri-to-buffer/-/data-uri-to-buffer-3.0.1.tgz",
      "integrity": "sha512-WboRycPNsVw3B3TL559F7kuBUM4d8CgMEvk6xEJlOp7OBPjt6G7z8WMWlD2rOFZLk6OYfFIUGsCOWzcQH9K2og==",
      "license": "MIT",
      "engines": {
        "node": ">= 6"
      }
    },
    "node_modules/event-target-shim": {
      "version": "5.0.1",
      "resolved": "https://registry.npmjs.org/event-target-shim/-/event-target-shim-5.0.1.tgz",
      "integrity": "sha512-i/2XbnSz/uxRCU6+NdVJgKWDTM427+MqYbkQzD321DuCQJUqOuJKIA0IM2+W2xtYHdKOmZ4dR6fExsd4SXL+WQ==",
      "license": "MIT",
      "engines": {
        "node": ">=6"
      }
    },
    "node_modules/fetch-blob": {
      "version": "2.1.2",
      "resolved": "https://registry.npmjs.org/fetch-blob/-/fetch-blob-2.1.2.tgz",
      "integrity": "sha512-YKqtUDwqLyfyMnmbw8XD6Q8j9i/HggKtPEI+pZ1+8bvheBu78biSmNaXWusx1TauGqtUUGx/cBb1mKdq2rLYow==",
      "license": "MIT",
      "engines": {
        "node": "^10.17.0 || >=12.3.0"
      },
      "peerDependenciesMeta": {
        "domexception": {
          "optional": true
        }
      }
    },
    "node_modules/is-what": {
      "version": "4.1.8",
      "resolved": "https://registry.npmjs.org/is-what/-/is-what-4.1.8.tgz",
      "integrity": "sha512-yq8gMao5upkPoGEU9LsB2P+K3Kt8Q3fQFCGyNCWOAnJAMzEXVV9drYb0TXr42TTliLLhKIBvulgAXgtLLnwzGA==",
      "license": "MIT",
      "engines": {
        "node": ">=12.13"
      },
      "funding": {
        "url": "https://github.com/sponsors/mesqueeb"
      }
    },
    "node_modules/js-tokens": {
      "version": "4.0.0",
      "resolved": "https://registry.npmjs.org/js-tokens/-/js-tokens-4.0.0.tgz",
      "integrity": "sha512-RdJUflcE3cUzKiMqQgsCu06FPu9UdIJO0beYbPhHN4k6apgJtifcoCtT9bcxOpYBtpD2kCM6Sbzg4CausW/PKQ==",
      "license": "MIT"
    },
    "node_modules/ky": {
      "version": "0.23.0",
      "resolved": "https://registry.npmjs.org/ky/-/ky-0.23.0.tgz",
      "integrity": "sha512-+t2CbQsLmpN3HeYPBxN+VbZqBOd86njF3cvnueC77pJKVHRjiMI0Ac+pfkB8e17Bw1dGHbMk9hrHst9Bw7ndgw==",
      "license": "MIT",
      "engines": {
        "node": ">=10"
      },
      "funding": {
        "url": "https://github.com/sindresorhus/ky?sponsor=1"
      }
    },
    "node_modules/ky-universal": {
      "version": "0.8.2",
      "resolved": "https://registry.npmjs.org/ky-universal/-/ky-universal-0.8.2.tgz",
      "integrity": "sha512-xe0JaOH9QeYxdyGLnzUOVGK4Z6FGvDVzcXFTdrYA1f33MZdEa45sUDaMBy98xQMcsd2XIBrTXRrRYnegcSdgVQ==",
      "license": "MIT",
      "dependencies": {
        "abort-controller": "^3.0.0",
        "node-fetch": "3.0.0-beta.9"
      },
      "engines": {
        "node": ">=10.17"
      },
      "funding": {
        "url": "https://github.com/sindresorhus/ky-universal?sponsor=1"
      },
      "peerDependencies": {
        "ky": ">=0.17.0",
        "web-streams-polyfill": ">=2.0.0"
      },
      "peerDependenciesMeta": {
        "web-streams-polyfill": {
          "optional": true
        }
      }
    },
    "node_modules/loose-envify": {
      "version": "1.4.0",
      "resolved": "https://registry.npmjs.org/loose-envify/-/loose-envify-1.4.0.tgz",
      "integrity": "sha512-lyuxPGr/Wfhrlem2CL/UcnUc1zcqKAImBDzukY7Y5F/yQiNdko6+fRLevlw1HgMySw7f611UIY408EtxRSoK3Q==",
      "license": "MIT",
      "dependencies": {
        "js-tokens": "^3.0.0 || ^4.0.0"
      },
      "bin": {
        "loose-envify": "cli.js"
      }
    },
    "node_modules/nanoid": {
      "version": "3.3.4",
      "resolved": "https://registry.npmjs.org/nanoid/-/nanoid-3.3.4.tgz",
      "integrity": "sha512-MqBkQh/OHTS2egovRtLk45wEyNXwF+cokD+1YPf9u5VfJiRdAiRwB2froX5Co9Rh20xs4siNPm8naNotSD6RBw==",
      "license": "MIT",
      "bin": {
        "nanoid": "bin/nanoid.cjs"
      },
      "engines": {
        "node": "^10 || ^12 || ^13.7 || ^14 || >=15.0.1"
      }
    },
    "node_modules/next": {
      "version": "12.2.2",
      "resolved": "https://registry.npmjs.org/next/-/next-12.2.2.tgz",
      "integrity": "sha512-zAYFY45aBry/PlKONqtlloRFqU/We3zWYdn2NoGvDZkoYUYQSJC8WMcalS5C19MxbCZLUVCX7D7a6gTGgl2yLg==",
      "license": "MIT",
      "dependencies": {
        "@next/env": "12.2.2",
        "@swc/helpers": "0.4.2",
        "caniuse-lite": "^1.0.30001332",
        "postcss": "8.4.5",
        "styled-jsx": "5.0.2",
        "use-sync-external-store": "1.1.0"
      },
      "bin": {
        "next": "dist/bin/next"
      },
      "engines": {
        "node": ">=12.22.0"
      },
      "optionalDependencies": {
        "@next/swc-android-arm-eabi": "12.2.2",
        "@next/swc-android-arm64": "12.2.2",
        "@next/swc-darwin-arm64": "12.2.2",
        "@next/swc-darwin-x64": "12.2.2",
        "@next/swc-freebsd-x64": "12.2.2",
        "@next/swc-linux-arm-gnueabihf": "12.2.2",
        "@next/swc-linux-arm64-gnu": "12.2.2",
        "@next/swc-linux-arm64-musl": "12.2.2",
        "@next/swc-linux-x64-gnu": "12.2.2",
        "@next/swc-linux-x64-musl": "12.2.2",
        "@next/swc-win32-arm64-msvc": "12.2.2",
        "@next/swc-win32-ia32-msvc": "12.2.2",
        "@next/swc-win32-x64-msvc": "12.2.2"
      },
      "peerDependencies": {
        "fibers": ">= 3.1.0",
        "node-sass": "^6.0.0 || ^7.0.0",
        "react": "^17.0.2 || ^18.0.0-0",
        "react-dom": "^17.0.2 || ^18.0.0-0",
        "sass": "^1.3.0"
      },
      "peerDependenciesMeta": {
        "fibers": {
          "optional": true
        },
        "node-sass": {
          "optional": true
        },
        "sass": {
          "optional": true
        }
      }
    },
    "node_modules/next/node_modules/use-sync-external-store": {
      "version": "1.1.0",
      "resolved": "https://registry.npmjs.org/use-sync-external-store/-/use-sync-external-store-1.1.0.tgz",
      "integrity": "sha512-SEnieB2FPKEVne66NpXPd1Np4R1lTNKfjuy3XdIoPQKYBAFdzbzSZlSn1KJZUiihQLQC5Znot4SBz1EOTBwQAQ==",
      "license": "MIT",
      "peerDependencies": {
        "react": "^16.8.0 || ^17.0.0 || ^18.0.0"
      }
    },
    "node_modules/node-fetch": {
      "version": "3.0.0-beta.9",
      "resolved": "https://registry.npmjs.org/node-fetch/-/node-fetch-3.0.0-beta.9.tgz",
      "integrity": "sha512-RdbZCEynH2tH46+tj0ua9caUHVWrd/RHnRfvly2EVdqGmI3ndS1Vn/xjm5KuGejDt2RNDQsVRLPNd2QPwcewVg==",
      "license": "MIT",
      "dependencies": {
        "data-uri-to-buffer": "^3.0.1",
        "fetch-blob": "^2.1.1"
      },
      "engines": {
        "node": "^10.17 || >=12.3"
      },
      "funding": {
        "type": "opencollective",
        "url": "https://opencollective.com/node-fetch"
      }
    },
    "node_modules/picocolors": {
      "version": "1.0.0",
      "resolved": "https://registry.npmjs.org/picocolors/-/picocolors-1.0.0.tgz",
      "integrity": "sha512-1fygroTLlHu66zi26VoTDv8yRgm0Fccecssto+MhsZ0D/DGW2sm8E8AjW7NU5VVTRt5GxbeZ5qBuJr+HyLYkjQ==",
      "license": "ISC"
    },
    "node_modules/postcss": {
      "version": "8.4.5",
      "resolved": "https://registry.npmjs.org/postcss/-/postcss-8.4.5.tgz",
      "integrity": "sha512-jBDboWM8qpaqwkMwItqTQTiFikhs/67OYVvblFFTM7MrZjt6yMKd6r2kgXizEbTTljacm4NldIlZnhbjr84QYg==",
      "license": "MIT",
      "dependencies": {
        "nanoid": "^3.1.30",
        "picocolors": "^1.0.0",
        "source-map-js": "^1.0.1"
      },
      "engines": {
        "node": "^10 || ^12 || >=14"
      },
      "funding": {
        "type": "opencollective",
        "url": "https://opencollective.com/postcss/"
      }
    },
    "node_modules/react": {
      "version": "18.2.0",
      "resolved": "https://registry.npmjs.org/react/-/react-18.2.0.tgz",
      "integrity": "sha512-/3IjMdb2L9QbBdWiW5e3P2/npwMBaU9mHCSCUzNln0ZCYbcfTsGbTJrU/kGemdH2IWmB2ioZ+zkxtmq6g09fGQ==",
      "license": "MIT",
      "dependencies": {
        "loose-envify": "^1.1.0"
      },
      "engines": {
        "node": ">=0.10.0"
      }
    },
    "node_modules/react-dom": {
      "version": "18.2.0",
      "resolved": "https://registry.npmjs.org/react-dom/-/react-dom-18.2.0.tgz",
      "integrity": "sha512-6IMTriUmvsjHUjNtEDudZfuDQUoWXVxKHhlEGSk81n4YFS+r/Kl99wXiwlVXtPBtJenozv2P+hxDsw9eA7Xo6g==",
      "license": "MIT",
      "dependencies": {
        "loose-envify": "^1.1.0",
        "scheduler": "^0.23.0"
      },
      "peerDependencies": {
        "react": "^18.2.0"
      }
    },
    "node_modules/remove-accents": {
      "version": "0.4.2",
      "resolved": "https://registry.npmjs.org/remove-accents/-/remove-accents-0.4.2.tgz",
      "integrity": "sha512-7pXIJqJOq5tFgG1A2Zxti3Ht8jJF337m4sowbuHsW30ZnkQFnDzy9qBNhgzX8ZLW4+UBcXiiR7SwR6pokHsxiA==",
      "license": "MIT"
    },
    "node_modules/resolve-from": {
      "version": "5.0.0",
      "resolved": "https://registry.npmjs.org/resolve-from/-/resolve-from-5.0.0.tgz",
      "integrity": "sha512-qYg9KP24dD5qka9J47d0aVky0N+b4fTU89LN9iDnjB5waksiC49rvMB0PrUJQGoTmH50XPiqOvAjDfaijGxYZw==",
      "license": "MIT",
      "engines": {
        "node": ">=8"
      }
    },
    "node_modules/scheduler": {
      "version": "0.23.0",
      "resolved": "https://registry.npmjs.org/scheduler/-/scheduler-0.23.0.tgz",
      "integrity": "sha512-CtuThmgHNg7zIZWAXi3AsyIzA3n4xx7aNyjwC2VJldO2LMVDhFK+63xGqq6CsJH4rTAt6/M+N4GhZiDYPx9eUw==",
      "license": "MIT",
      "dependencies": {
        "loose-envify": "^1.1.0"
      }
    },
    "node_modules/source-map-js": {
      "version": "1.0.2",
      "resolved": "https://registry.npmjs.org/source-map-js/-/source-map-js-1.0.2.tgz",
      "integrity": "sha512-R0XvVJ9WusLiqTCEiGCmICCMplcCkIwwR11mOSD9CR5u+IXYdiseeEuXCVAjS54zqwkLcPNnmU4OeJ6tUrWhDw==",
      "license": "BSD-3-Clause",
      "engines": {
        "node": ">=0.10.0"
      }
    },
    "node_modules/styled-jsx": {
      "version": "5.0.2",
      "resolved": "https://registry.npmjs.org/styled-jsx/-/styled-jsx-5.0.2.tgz",
      "integrity": "sha512-LqPQrbBh3egD57NBcHET4qcgshPks+yblyhPlH2GY8oaDgKs8SK4C3dBh3oSJjgzJ3G5t1SYEZGHkP+QEpX9EQ==",
      "license": "MIT",
      "engines": {
        "node": ">= 12.0.0"
      },
      "peerDependencies": {
        "react": ">= 16.8.0 || 17.x.x || ^18.0.0-0"
      },
      "peerDependenciesMeta": {
        "@babel/core": {
          "optional": true
        },
        "babel-plugin-macros": {
          "optional": true
        }
      }
    },
    "node_modules/superjson": {
      "version": "1.12.2",
      "resolved": "https://registry.npmjs.org/superjson/-/superjson-1.12.2.tgz",
      "integrity": "sha512-ugvUo9/WmvWOjstornQhsN/sR9mnGtWGYeTxFuqLb4AiT4QdUavjGFRALCPKWWnAiUJ4HTpytj5e0t5HoMRkXg==",
      "license": "MIT",
      "dependencies": {
        "copy-anything": "^3.0.2"
      },
      "engines": {
        "node": ">=10"
      }
    },
    "node_modules/tslib": {
      "version": "2.5.0",
      "resolved": "https://registry.npmjs.org/tslib/-/tslib-2.5.0.tgz",
      "integrity": "sha512-336iVw3rtn2BUK7ORdIAHTyxHGRIHVReokCR3XjbckJMK7ms8FysBfhLR8IXnAgy7T0PTPNBWKiH514FOW/WSg==",
      "license": "0BSD"
    },
    "node_modules/use-sync-external-store": {
      "version": "1.2.0",
      "resolved": "https://registry.npmjs.org/use-sync-external-store/-/use-sync-external-store-1.2.0.tgz",
      "integrity": "sha512-eEgnFxGQ1Ife9bzYs6VLi8/4X6CObHMw9Qr9tPY43iKwsPw8xE8+EFsf/2cFZ5S3esXgpWgtSCtLNS41F+sKPA==",
      "license": "MIT",
      "peerDependencies": {
        "react": "^16.8.0 || ^17.0.0 || ^18.0.0"
      }
    },
    "node_modules/web-streams-polyfill": {
      "version": "3.2.1",
      "resolved": "https://registry.npmjs.org/web-streams-polyfill/-/web-streams-polyfill-3.2.1.tgz",
      "integrity": "sha512-e0MO3wdXWKrLbL0DgGnUV7WHVuw9OUvL4hjgnPkIeEvESk74gAITi5G606JtZPp39cd8HA9VQzCIvA49LpPN5Q==",
      "license": "MIT",
      "engines": {
        "node": ">= 8"
      }
    },
    "node_modules/@next/swc-android-arm-eabi": {
      "version": "12.2.2",
      "resolved": "https://registry.npmjs.org/@next/swc-android-arm-eabi/-/swc-android-arm-eabi-12.2.2.tgz",
      "integrity": "sha512-VHjuCHeq9qCprUZbsRxxM/VqSW8MmsUtqB5nEpGEgUNnQi/BTm/2aK8tl7R4D0twGKRh6g1AAeFuWtXzk9Z/vQ==",
      "cpu": [
        "arm"
      ],
      "optional": true,
      "os": [
        "android"
      ],
      "engines": {
        "node": ">= 10"
      }
    },
    "node_modules/@next/swc-android-arm64": {
      "version": "12.2.2",
      "resolved": "https://registry.npmjs.org/@next/swc-android-arm64/-/swc-android-arm64-12.2.2.tgz",
      "integrity": "sha512-v5EYzXUOSv0r9mO/2PX6mOcF53k8ndlu9yeFHVAWW1Dhw2jaJcvTRcCAwYYN8Q3tDg0nH3NbEltJDLKmcJOuVA==",
      "cpu": [
        "arm64"
      ],
      "optional": true,
      "os": [
        "android"
      ],
      "engines": {
        "node": ">= 10"
      }
    },
    "node_modules/@next/swc-darwin-arm64": {
      "version": "12.2.2",
      "resolved": "https://registry.npmjs.org/@next/swc-darwin-arm64/-/swc-darwin-arm64-12.2.2.tgz",
      "integrity": "sha512-JCoGySHKGt+YBk7xRTFGx1QjrnCcwYxIo3yGepcOq64MoiocTM3yllQWeOAJU2/k9MH0+B5E9WUSme4rOCBbpA==",
      "cpu": [
        "arm64"
      ],
      "optional": true,
      "os": [
        "darwin"
      ],
      "engines": {
        "node": ">= 10"
      }
    },
    "node_modules/@next/swc-darwin-x64": {
      "version": "12.2.2",
      "resolved": "https://registry.npmjs.org/@next/swc-darwin-x64/-/swc-darwin-x64-12.2.2.tgz",
      "integrity": "sha512-dztDtvfkhUqiqpXvrWVccfGhLe44yQ5tQ7B4tBfnsOR6vxzI9DNPHTlEOgRN9qDqTAcFyPxvg86mn4l8bB9Jcw==",
      "cpu": [
        "x64"
      ],
      "optional": true,
      "os": [
        "darwin"
      ],
      "engines": {
        "node": ">= 10"
      }
    },
    "node_modules/@next/swc-freebsd-x64": {
      "version": "12.2.2",
      "resolved": "https://registry.npmjs.org/@next/swc-freebsd-x64/-/swc-freebsd-x64-12.2.2.tgz",
      "integrity": "sha512-JUnXB+2xfxqsAvhFLPJpU1NeyDsvJrKoOjpV7g3Dxbno2Riu4tDKn3kKF886yleAuD/1qNTUCpqubTvbbT2VoA==",
      "cpu": [
        "x64"
      ],
      "optional": true,
      "os": [
        "freebsd"
      ],
      "engines": {
        "node": ">= 10"
      }
    },
    "node_modules/@next/swc-linux-arm-gnueabihf": {
      "version": "12.2.2",
      "resolved": "https://registry.npmjs.org/@next/swc-linux-arm-gnueabihf/-/swc-linux-arm-gnueabihf-12.2.2.tgz",
      "integrity": "sha512-XeYC/qqPLz58R4pjkb+x8sUUxuGLnx9QruC7/IGkK68yW4G17PHwKI/1njFYVfXTXUukpWjcfBuauWwxp9ke7Q==",
      "cpu": [
        "arm"
      ],
      "optional": true,
      "os": [
        "linux"
      ],
      "engines": {
        "node": ">= 10"
      }
    },
    "node_modules/@next/swc-linux-arm64-gnu": {
      "version": "12.2.2",
      "resolved": "https://registry.npmjs.org/@next/swc-linux-arm64-gnu/-/swc-linux-arm64-gnu-12.2.2.tgz",
      "integrity": "sha512-d6jT8xgfKYFkzR7J0OHo2D+kFvY/6W8qEo6/hmdrTt6AKAqxs//rbbcdoyn3YQq1x6FVUUd39zzpezZntg9Naw==",
      "cpu": [
        "arm64"
      ],
      "optional": true,
      "os": [
        "linux"
      ],
      "engines": {
        "node": ">= 10"
      }
    },
    "node_modules/@next/swc-linux-arm64-musl": {
      "version": "12.2.2",
      "resolved": "https://registry.npmjs.org/@next/swc-linux-arm64-musl/-/swc-linux-arm64-musl-12.2.2.tgz",
      "integrity": "sha512-rIZRFxI9N/502auJT1i7coas0HTHUM+HaXMyJiCpnY8Rimbo0495ir24tzzHo3nQqJwcflcPTwEh/DV17sdv9A==",
      "cpu": [
        "arm64"
      ],
      "optional": true,
      "os": [
        "linux"
      ],
      "engines": {
        "node": ">= 10"
      }
    },
    "node_modules/@next/swc-win32-arm64-msvc": {
      "version": "12.2.2",
      "resolved": "https://registry.npmjs.org/@next/swc-win32-arm64-msvc/-/swc-win32-arm64-msvc-12.2.2.tgz",
      "integrity": "sha512-ZUGCmcDmdPVSAlwJ/aD+1F9lYW8vttseiv4n2+VCDv5JloxiX9aY32kYZaJJO7hmTLNrprvXkb4OvNuHdN22Jg==",
      "cpu": [
        "arm64"
      ],
      "optional": true,
      "os": [
        "win32"
      ],
      "engines": {
        "node": ">= 10"
      }
    },
    "node_modules/@next/swc-win32-ia32-msvc": {
      "version": "12.2.2",
      "resolved": "https://registry.npmjs.org/@next/swc-win32-ia32-msvc/-/swc-win32-ia32-msvc-12.2.2.tgz",
      "integrity": "sha512-v7ykeEDbr9eXiblGSZiEYYkWoig6sRhAbLKHUHQtk8vEWWVEqeXFcxmw6LRrKu5rCN1DY357UlYWToCGPQPCRA==",
      "cpu": [
        "ia32"
      ],
      "optional": true,
      "os": [
        "win32"
      ],
      "engines": {
        "node": ">= 10"
      }
    },
    "node_modules/@next/swc-win32-x64-msvc": {
      "version": "12.2.2",
      "resolved": "https://registry.npmjs.org/@next/swc-win32-x64-msvc/-/swc-win32-x64-msvc-12.2.2.tgz",
      "integrity": "sha512-2D2iinWUL6xx8D9LYVZ5qi7FP6uLAoWymt8m8aaG2Ld/Ka8/k723fJfiklfuAcwOxfufPJI+nRbT5VcgHGzHAQ==",
      "cpu": [
        "x64"
      ],
      "optional": true,
      "os": [
        "win32"
      ],
      "engines": {
        "node": ">= 10"
      }
    }
  },
  "dependencies": {
    "@next/env": {
      "version": "12.2.2",
      "resolved": "https://registry.npmjs.org/@next/env/-/env-12.2.2.tgz",
      "integrity": "sha512-BqDwE4gDl1F608TpnNxZqrCn6g48MBjvmWFEmeX5wEXDXh3IkAOw6ASKUgjT8H4OUePYFqghDFUss5ZhnbOUjw=="
    },
    "@next/swc-linux-x64-gnu": {
      "version": "12.2.2",
      "resolved": "https://registry.npmjs.org/@next/swc-linux-x64-gnu/-/swc-linux-x64-gnu-12.2.2.tgz",
      "integrity": "sha512-ir1vNadlUDj7eQk15AvfhG5BjVizuCHks9uZwBfUgT5jyeDCeRvaDCo1+Q6+0CLOAnYDR/nqSCvBgzG2UdFh9A==",
      "optional": true
    },
    "@next/swc-linux-x64-musl": {
      "version": "12.2.2",
      "resolved": "https://registry.npmjs.org/@next/swc-linux-x64-musl/-/swc-linux-x64-musl-12.2.2.tgz",
      "integrity": "sha512-bte5n2GzLN3O8JdSFYWZzMgEgDHZmRz5wiispiiDssj4ik3l8E7wq/czNi8RmIF+ioj2sYVokUNa/ekLzrESWw==",
      "optional": true
    },
    "@swc/helpers": {
      "version": "0.4.2",
      "resolved": "https://registry.npmjs.org/@swc/helpers/-/helpers-0.4.2.tgz",
      "integrity": "sha512-556Az0VX7WR6UdoTn4htt/l3zPQ7bsQWK+HqdG4swV7beUCxo/BqmvbOpUkTIm/9ih86LIf1qsUnywNL3obGHw==",
      "requires": {
        "tslib": "^2.4.0"
      }
    },
    "@tanstack/match-sorter-utils": {
      "version": "8.7.6",
      "resolved": "https://registry.npmjs.org/@tanstack/match-sorter-utils/-/match-sorter-utils-8.7.6.tgz",
      "integrity": "sha512-2AMpRiA6QivHOUiBpQAVxjiHAA68Ei23ZUMNaRJrN6omWiSFLoYrxGcT6BXtuzp0Jw4h6HZCmGGIM/gbwebO2A==",
      "requires": {
        "remove-accents": "0.4.2"
      }
    },
    "@tanstack/query-core": {
      "version": "4.27.0",
      "resolved": "https://registry.npmjs.org/@tanstack/query-core/-/query-core-4.27.0.tgz",
      "integrity": "sha512-sm+QncWaPmM73IPwFlmWSKPqjdTXZeFf/7aEmWh00z7yl2FjqophPt0dE1EHW9P1giMC5rMviv7OUbSDmWzXXA=="
    },
    "@tanstack/react-query": {
      "version": "4.28.0",
      "resolved": "https://registry.npmjs.org/@tanstack/react-query/-/react-query-4.28.0.tgz",
      "integrity": "sha512-8cGBV5300RHlvYdS4ea+G1JcZIt5CIuprXYFnsWggkmGoC0b5JaqG0fIX3qwDL9PTNkKvG76NGThIWbpXivMrQ==",
      "requires": {
        "@tanstack/query-core": "4.27.0",
        "use-sync-external-store": "^1.2.0"
      }
    },
    "@tanstack/react-query-devtools": {
      "version": "4.28.0",
      "resolved": "https://registry.npmjs.org/@tanstack/react-query-devtools/-/react-query-devtools-4.28.0.tgz",
      "integrity": "sha512-1SnoMw1CWn8FdPEIHvlAzmMBX3heXJo11fyBtt+FzYAHj5yFC8P67Kpgi0HpLkY7SLnd6QK/7qFkpeH4AQbgZg==",
      "requires": {
        "@tanstack/match-sorter-utils": "^8.7.0",
        "superjson": "^1.10.0",
        "use-sync-external-store": "^1.2.0"
      }
    },
    "abort-controller": {
      "version": "3.0.0",
      "resolved": "https://registry.npmjs.org/abort-controller/-/abort-controller-3.0.0.tgz",
      "integrity": "sha512-h8lQ8tacZYnR3vNQTgibj+tODHI5/+l06Au2Pcriv/Gmet0eaj4TwWH41sO9wnHDiQsEj19q0drzdWdeAHtweg==",
      "requires": {
        "event-target-shim": "^5.0.0"
      }
    },
    "caniuse-lite": {
      "version": "1.0.30001469",
      "resolved": "https://registry.npmjs.org/caniuse-lite/-/caniuse-lite-1.0.30001469.tgz",
      "integrity": "sha512-Rcp7221ScNqQPP3W+lVOYDyjdR6dC+neEQCttoNr5bAyz54AboB4iwpnWgyi8P4YUsPybVzT4LgWiBbI3drL4g=="
    },
    "copy-anything": {
      "version": "3.0.3",
      "resolved": "https://registry.npmjs.org/copy-anything/-/copy-anything-3.0.3.tgz",
      "integrity": "sha512-fpW2W/BqEzqPp29QS+MwwfisHCQZtiduTe/m8idFo0xbti9fIZ2WVhAsCv4ggFVH3AgCkVdpoOCtQC6gBrdhjw==",
      "requires": {
        "is-what": "^4.1.8"
      }
    },
    "data-uri-to-buffer": {
      "version": "3.0.1",
      "resolved": "https://registry.npmjs.org/data-uri-to-buffer/-/data-uri-to-buffer-3.0.1.tgz",
      "integrity": "sha512-WboRycPNsVw3B3TL559F7kuBUM4d8CgMEvk6xEJlOp7OBPjt6G7z8WMWlD2rOFZLk6OYfFIUGsCOWzcQH9K2og=="
    },
    "event-target-shim": {
      "version": "5.0.1",
      "resolved": "https://registry.npmjs.org/event-target-shim/-/event-target-shim-5.0.1.tgz",
      "integrity": "sha512-i/2XbnSz/uxRCU6+NdVJgKWDTM427+MqYbkQzD321DuCQJUqOuJKIA0IM2+W2xtYHdKOmZ4dR6fExsd4SXL+WQ=="
    },
    "fetch-blob": {
      "version": "2.1.2",
      "resolved": "https://registry.npmjs.org/fetch-blob/-/fetch-blob-2.1.2.tgz",
      "integrity": "sha512-YKqtUDwqLyfyMnmbw8XD6Q8j9i/HggKtPEI+pZ1+8bvheBu78biSmNaXWusx1TauGqtUUGx/cBb1mKdq2rLYow=="
    },
    "is-what": {
      "version": "4.1.8",
      "resolved": "https://registry.npmjs.org/is-what/-/is-what-4.1.8.tgz",
      "integrity": "sha512-yq8gMao5upkPoGEU9LsB2P+K3Kt8Q3fQFCGyNCWOAnJAMzEXVV9drYb0TXr42TTliLLhKIBvulgAXgtLLnwzGA=="
    },
    "js-tokens": {
      "version": "4.0.0",
      "resolved": "https://registry.npmjs.org/js-tokens/-/js-tokens-4.0.0.tgz",
      "integrity": "sha512-RdJUflcE3cUzKiMqQgsCu06FPu9UdIJO0beYbPhHN4k6apgJtifcoCtT9bcxOpYBtpD2kCM6Sbzg4CausW/PKQ=="
    },
    "ky": {
      "version": "0.23.0",
      "resolved": "https://registry.npmjs.org/ky/-/ky-0.23.0.tgz",
      "integrity": "sha512-+t2CbQsLmpN3HeYPBxN+VbZqBOd86njF3cvnueC77pJKVHRjiMI0Ac+pfkB8e17Bw1dGHbMk9hrHst9Bw7ndgw=="
    },
    "ky-universal": {
      "version": "0.8.2",
      "resolved": "https://registry.npmjs.org/ky-universal/-/ky-universal-0.8.2.tgz",
      "integrity": "sha512-xe0JaOH9QeYxdyGLnzUOVGK4Z6FGvDVzcXFTdrYA1f33MZdEa45sUDaMBy98xQMcsd2XIBrTXRrRYnegcSdgVQ==",
      "requires": {
        "abort-controller": "^3.0.0",
        "node-fetch": "3.0.0-beta.9"
      }
    },
    "loose-envify": {
      "version": "1.4.0",
      "resolved": "https://registry.npmjs.org/loose-envify/-/loose-envify-1.4.0.tgz",
      "integrity": "sha512-lyuxPGr/Wfhrlem2CL/UcnUc1zcqKAImBDzukY7Y5F/yQiNdko6+fRLevlw1HgMySw7f611UIY408EtxRSoK3Q==",
      "requires": {
        "js-tokens": "^3.0.0 || ^4.0.0"
      }
    },
    "nanoid": {
      "version": "3.3.4",
      "resolved": "https://registry.npmjs.org/nanoid/-/nanoid-3.3.4.tgz",
      "integrity": "sha512-MqBkQh/OHTS2egovRtLk45wEyNXwF+cokD+1YPf9u5VfJiRdAiRwB2froX5Co9Rh20xs4siNPm8naNotSD6RBw=="
    },
    "next": {
      "version": "12.2.2",
      "resolved": "https://registry.npmjs.org/next/-/next-12.2.2.tgz",
      "integrity": "sha512-zAYFY45aBry/PlKONqtlloRFqU/We3zWYdn2NoGvDZkoYUYQSJC8WMcalS5C19MxbCZLUVCX7D7a6gTGgl2yLg==",
      "requires": {
        "@next/env": "12.2.2",
        "@next/swc-android-arm-eabi": "12.2.2",
        "@next/swc-android-arm64": "12.2.2",
        "@next/swc-darwin-arm64": "12.2.2",
        "@next/swc-darwin-x64": "12.2.2",
        "@next/swc-freebsd-x64": "12.2.2",
        "@next/swc-linux-arm-gnueabihf": "12.2.2",
        "@next/swc-linux-arm64-gnu": "12.2.2",
        "@next/swc-linux-arm64-musl": "12.2.2",
        "@next/swc-linux-x64-gnu": "12.2.2",
        "@next/swc-linux-x64-musl": "12.2.2",
        "@next/swc-win32-arm64-msvc": "12.2.2",
        "@next/swc-win32-ia32-msvc": "12.2.2",
        "@next/swc-win32-x64-msvc": "12.2.2",
        "@swc/helpers": "0.4.2",
        "caniuse-lite": "^1.0.30001332",
        "postcss": "8.4.5",
        "styled-jsx": "5.0.2",
        "use-sync-external-store": "1.1.0"
      },
      "dependencies": {
        "use-sync-external-store": {
          "version": "1.1.0",
          "resolved": "https://registry.npmjs.org/use-sync-external-store/-/use-sync-external-store-1.1.0.tgz",
          "integrity": "sha512-SEnieB2FPKEVne66NpXPd1Np4R1lTNKfjuy3XdIoPQKYBAFdzbzSZlSn1KJZUiihQLQC5Znot4SBz1EOTBwQAQ==",
          "requires": {}
        }
      }
    },
    "node-fetch": {
      "version": "3.0.0-beta.9",
      "resolved": "https://registry.npmjs.org/node-fetch/-/node-fetch-3.0.0-beta.9.tgz",
      "integrity": "sha512-RdbZCEynH2tH46+tj0ua9caUHVWrd/RHnRfvly2EVdqGmI3ndS1Vn/xjm5KuGejDt2RNDQsVRLPNd2QPwcewVg==",
      "requires": {
        "data-uri-to-buffer": "^3.0.1",
        "fetch-blob": "^2.1.1"
      }
    },
    "picocolors": {
      "version": "1.0.0",
      "resolved": "https://registry.npmjs.org/picocolors/-/picocolors-1.0.0.tgz",
      "integrity": "sha512-1fygroTLlHu66zi26VoTDv8yRgm0Fccecssto+MhsZ0D/DGW2sm8E8AjW7NU5VVTRt5GxbeZ5qBuJr+HyLYkjQ=="
    },
    "postcss": {
      "version": "8.4.5",
      "resolved": "https://registry.npmjs.org/postcss/-/postcss-8.4.5.tgz",
      "integrity": "sha512-jBDboWM8qpaqwkMwItqTQTiFikhs/67OYVvblFFTM7MrZjt6yMKd6r2kgXizEbTTljacm4NldIlZnhbjr84QYg==",
      "requires": {
        "nanoid": "^3.1.30",
        "picocolors": "^1.0.0",
        "source-map-js": "^1.0.1"
      }
    },
    "react": {
      "version": "18.2.0",
      "resolved": "https://registry.npmjs.org/react/-/react-18.2.0.tgz",
      "integrity": "sha512-/3IjMdb2L9QbBdWiW5e3P2/npwMBaU9mHCSCUzNln0ZCYbcfTsGbTJrU/kGemdH2IWmB2ioZ+zkxtmq6g09fGQ==",
      "requires": {
        "loose-envify": "^1.1.0"
      }
    },
    "react-dom": {
      "version": "18.2.0",
      "resolved": "https://registry.npmjs.org/react-dom/-/react-dom-18.2.0.tgz",
      "integrity": "sha512-6IMTriUmvsjHUjNtEDudZfuDQUoWXVxKHhlEGSk81n4YFS+r/Kl99wXiwlVXtPBtJenozv2P+hxDsw9eA7Xo6g==",
      "requires": {
        "loose-envify": "^1.1.0",
        "scheduler": "^0.23.0"
      }
    },
    "remove-accents": {
      "version": "0.4.2",
      "resolved": "https://registry.npmjs.org/remove-accents/-/remove-accents-0.4.2.tgz",
      "integrity": "sha512-7pXIJqJOq5tFgG1A2Zxti3Ht8jJF337m4sowbuHsW30ZnkQFnDzy9qBNhgzX8ZLW4+UBcXiiR7SwR6pokHsxiA=="
    },
    "resolve-from": {
      "version": "5.0.0",
      "resolved": "https://registry.npmjs.org/resolve-from/-/resolve-from-5.0.0.tgz",
      "integrity": "sha512-qYg9KP24dD5qka9J47d0aVky0N+b4fTU89LN9iDnjB5waksiC49rvMB0PrUJQGoTmH50XPiqOvAjDfaijGxYZw=="
    },
    "scheduler": {
      "version": "0.23.0",
      "resolved": "https://registry.npmjs.org/scheduler/-/scheduler-0.23.0.tgz",
      "integrity": "sha512-CtuThmgHNg7zIZWAXi3AsyIzA3n4xx7aNyjwC2VJldO2LMVDhFK+63xGqq6CsJH4rTAt6/M+N4GhZiDYPx9eUw==",
      "requires": {
        "loose-envify": "^1.1.0"
      }
    },
    "source-map-js": {
      "version": "1.0.2",
      "resolved": "https://registry.npmjs.org/source-map-js/-/source-map-js-1.0.2.tgz",
      "integrity": "sha512-R0XvVJ9WusLiqTCEiGCmICCMplcCkIwwR11mOSD9CR5u+IXYdiseeEuXCVAjS54zqwkLcPNnmU4OeJ6tUrWhDw=="
    },
    "styled-jsx": {
      "version": "5.0.2",
      "resolved": "https://registry.npmjs.org/styled-jsx/-/styled-jsx-5.0.2.tgz",
      "integrity": "sha512-LqPQrbBh3egD57NBcHET4qcgshPks+yblyhPlH2GY8oaDgKs8SK4C3dBh3oSJjgzJ3G5t1SYEZGHkP+QEpX9EQ==",
      "requires": {}
    },
    "superjson": {
      "version": "1.12.2",
      "resolved": "https://registry.npmjs.org/superjson/-/superjson-1.12.2.tgz",
      "integrity": "sha512-ugvUo9/WmvWOjstornQhsN/sR9mnGtWGYeTxFuqLb4AiT4QdUavjGFRALCPKWWnAiUJ4HTpytj5e0t5HoMRkXg==",
      "requires": {
        "copy-anything": "^3.0.2"
      }
    },
    "tslib": {
      "version": "2.5.0",
      "resolved": "https://registry.npmjs.org/tslib/-/tslib-2.5.0.tgz",
      "integrity": "sha512-336iVw3rtn2BUK7ORdIAHTyxHGRIHVReokCR3XjbckJMK7ms8FysBfhLR8IXnAgy7T0PTPNBWKiH514FOW/WSg=="
    },
    "use-sync-external-store": {
      "version": "1.2.0",
      "resolved": "https://registry.npmjs.org/use-sync-external-store/-/use-sync-external-store-1.2.0.tgz",
      "integrity": "sha512-eEgnFxGQ1Ife9bzYs6VLi8/4X6CObHMw9Qr9tPY43iKwsPw8xE8+EFsf/2cFZ5S3esXgpWgtSCtLNS41F+sKPA==",
      "requires": {}
    },
    "web-streams-polyfill": {
      "version": "3.2.1",
      "resolved": "https://registry.npmjs.org/web-streams-polyfill/-/web-streams-polyfill-3.2.1.tgz",
      "integrity": "sha512-e0MO3wdXWKrLbL0DgGnUV7WHVuw9OUvL4hjgnPkIeEvESk74gAITi5G606JtZPp39cd8HA9VQzCIvA49LpPN5Q=="
    },
    "@next/swc-android-arm-eabi": {
      "version": "12.2.2",
      "resolved": "https://registry.npmjs.org/@next/swc-android-arm-eabi/-/swc-android-arm-eabi-12.2.2.tgz",
      "integrity": "sha512-VHjuCHeq9qCprUZbsRxxM/VqSW8MmsUtqB5nEpGEgUNnQi/BTm/2aK8tl7R4D0twGKRh6g1AAeFuWtXzk9Z/vQ==",
      "optional": true
    },
    "@next/swc-android-arm64": {
      "version": "12.2.2",
      "resolved": "https://registry.npmjs.org/@next/swc-android-arm64/-/swc-android-arm64-12.2.2.tgz",
      "integrity": "sha512-v5EYzXUOSv0r9mO/2PX6mOcF53k8ndlu9yeFHVAWW1Dhw2jaJcvTRcCAwYYN8Q3tDg0nH3NbEltJDLKmcJOuVA==",
      "optional": true
    },
    "@next/swc-darwin-arm64": {
      "version": "12.2.2",
      "resolved": "https://registry.npmjs.org/@next/swc-darwin-arm64/-/swc-darwin-arm64-12.2.2.tgz",
      "integrity": "sha512-JCoGySHKGt+YBk7xRTFGx1QjrnCcwYxIo3yGepcOq64MoiocTM3yllQWeOAJU2/k9MH0+B5E9WUSme4rOCBbpA==",
      "optional": true
    },
    "@next/swc-darwin-x64": {
      "version": "12.2.2",
      "resolved": "https://registry.npmjs.org/@next/swc-darwin-x64/-/swc-darwin-x64-12.2.2.tgz",
      "integrity": "sha512-dztDtvfkhUqiqpXvrWVccfGhLe44yQ5tQ7B4tBfnsOR6vxzI9DNPHTlEOgRN9qDqTAcFyPxvg86mn4l8bB9Jcw==",
      "optional": true
    },
    "@next/swc-freebsd-x64": {
      "version": "12.2.2",
      "resolved": "https://registry.npmjs.org/@next/swc-freebsd-x64/-/swc-freebsd-x64-12.2.2.tgz",
      "integrity": "sha512-JUnXB+2xfxqsAvhFLPJpU1NeyDsvJrKoOjpV7g3Dxbno2Riu4tDKn3kKF886yleAuD/1qNTUCpqubTvbbT2VoA==",
      "optional": true
    },
    "@next/swc-linux-arm-gnueabihf": {
      "version": "12.2.2",
      "resolved": "https://registry.npmjs.org/@next/swc-linux-arm-gnueabihf/-/swc-linux-arm-gnueabihf-12.2.2.tgz",
      "integrity": "sha512-XeYC/qqPLz58R4pjkb+x8sUUxuGLnx9QruC7/IGkK68yW4G17PHwKI/1njFYVfXTXUukpWjcfBuauWwxp9ke7Q==",
      "optional": true
    },
    "@next/swc-linux-arm64-gnu": {
      "version": "12.2.2",
      "resolved": "https://registry.npmjs.org/@next/swc-linux-arm64-gnu/-/swc-linux-arm64-gnu-12.2.2.tgz",
      "integrity": "sha512-d6jT8xgfKYFkzR7J0OHo2D+kFvY/6W8qEo6/hmdrTt6AKAqxs//rbbcdoyn3YQq1x6FVUUd39zzpezZntg9Naw==",
      "optional": true
    },
    "@next/swc-linux-arm64-musl": {
      "version": "12.2.2",
      "resolved": "https://registry.npmjs.org/@next/swc-linux-arm64-musl/-/swc-linux-arm64-musl-12.2.2.tgz",
      "integrity": "sha512-rIZRFxI9N/502auJT1i7coas0HTHUM+HaXMyJiCpnY8Rimbo0495ir24tzzHo3nQqJwcflcPTwEh/DV17sdv9A==",
      "optional": true
    },
    "@next/swc-win32-arm64-msvc": {
      "version": "12.2.2",
      "resolved": "https://registry.npmjs.org/@next/swc-win32-arm64-msvc/-/swc-win32-arm64-msvc-12.2.2.tgz",
      "integrity": "sha512-ZUGCmcDmdPVSAlwJ/aD+1F9lYW8vttseiv4n2+VCDv5JloxiX9aY32kYZaJJO7hmTLNrprvXkb4OvNuHdN22Jg==",
      "optional": true
    },
    "@next/swc-win32-ia32-msvc": {
      "version": "12.2.2",
      "resolved": "https://registry.npmjs.org/@next/swc-win32-ia32-msvc/-/swc-win32-ia32-msvc-12.2.2.tgz",
      "integrity": "sha512-v7ykeEDbr9eXiblGSZiEYYkWoig6sRhAbLKHUHQtk8vEWWVEqeXFcxmw6LRrKu5rCN1DY357UlYWToCGPQPCRA==",
      "optional": true
    },
    "@next/swc-win32-x64-msvc": {
      "version": "12.2.2",
      "resolved": "https://registry.npmjs.org/@next/swc-win32-x64-msvc/-/swc-win32-x64-msvc-12.2.2.tgz",
      "integrity": "sha512-2D2iinWUL6xx8D9LYVZ5qi7FP6uLAoWymt8m8aaG2Ld/Ka8/k723fJfiklfuAcwOxfufPJI+nRbT5VcgHGzHAQ==",
      "optional": true
    }
  }
}
